
Microsoft Visual Studio Solution File, Format Version 12.00
# Visual Studio Version 17
VisualStudioVersion = 17.7.34202.233
MinimumVisualStudioVersion = 10.0.40219.1
Project("{FAE04EC0-301F-11D3-BF4B-00C04F79EFBC}") = "Otus.Reflection", "Otus.Reflection\Otus.Reflection.csproj", "{BC99108B-9A61-4932-9C4D-AD849191707B}"
EndProject
Global
	GlobalSection(SolutionConfigurationPlatforms) = preSolution
		Debug|Any CPU = Debug|Any CPU
		Release|Any CPU = Release|Any CPU
	EndGlobalSection
	GlobalSection(ProjectConfigurationPlatforms) = postSolution
		{BC99108B-9A61-4932-9C4D-AD849191707B}.Debug|Any CPU.ActiveCfg = Debug|Any CPU
		{BC99108B-9A61-4932-9C4D-AD849191707B}.Debug|Any CPU.Build.0 = Debug|Any CPU
		{BC99108B-9A61-4932-9C4D-AD849191707B}.Release|Any CPU.ActiveCfg = Release|Any CPU
		{BC99108B-9A61-4932-9C4D-AD849191707B}.Release|Any CPU.Build.0 = Release|Any CPU
	EndGlobalSection
	GlobalSection(SolutionProperties) = preSolution
		HideSolutionNode = FALSE
	EndGlobalSection
	GlobalSection(ExtensibilityGlobals) = postSolution
		SolutionGuid = {1D8CB416-D969-4249-9456-13D037F2B7B8}
	EndGlobalSection
EndGlobal
